{
  "version": 4,
  "terraform_version": "1.7.4",
  "serial": 12,
  "lineage": "38a10c78-b8af-15ad-6e72-8fd24780bbec",
  "outputs": {},
  "resources": [
    {
      "mode": "managed",
      "type": "aws_iam_group",
      "name": "developers",
      "provider": "provider[\"registry.terraform.io/hashicorp/aws\"]",
      "instances": [
        {
          "schema_version": 0,
          "attributes": {
            "arn": "arn:aws:iam::123633562172:group/developers",
            "id": "developers",
            "name": "developers",
            "path": "/",
            "unique_id": "AGPARZSJCOI6CHNI4OO3S"
          },
          "sensitive_attributes": [],
          "private": "bnVsbA=="
        }
      ]
    },
    {
      "mode": "managed",
      "type": "aws_iam_user",
      "name": "lb",
      "provider": "provider[\"registry.terraform.io/hashicorp/aws\"]",
      "instances": [
        {
          "schema_version": 0,
          "attributes": {
            "arn": "arn:aws:iam::123633562172:user/khalid89",
            "force_destroy": false,
            "id": "khalid89",
            "name": "khalid89",
            "path": "/",
            "permissions_boundary": null,
            "tags": null,
            "tags_all": {},
            "unique_id": "AIDARZSJCOI6FJCMBYQ2P"
          },
          "sensitive_attributes": [],
          "private": "bnVsbA=="
        }
      ]
    }
  ],
  "check_results": null
}
